<?xml version="1.0" encoding="utf-8"?>
<Project ToolsVersion="4.0" xmlns="http://schemas.microsoft.com/developer/msbuild/2003">
  <ItemGroup>
    <Filter Include="Source Files">
      <UniqueIdentifier>{af16a86f-c265-4cbd-bbed-3d047313f7f1}</UniqueIdentifier>
    </Filter>
    <Filter Include="Generated Files">
      <UniqueIdentifier>{4e580489-cc0c-458e-ab04-dbebc42dcb9b}</UniqueIdentifier>
      <SourceControlFiles>False</SourceControlFiles>
    </Filter>
  </ItemGroup>
  <ItemGroup>
    <None Include="CPPComAddInps.def" />
  </ItemGroup>
  <ItemGroup>
    <ClCompile Include="CPPComAddIn_i.c">
      <Filter>Generated Files</Filter>
    </ClCompile>
    <ClCompile Include="CPPComAddIn_p.c">
      <Filter>Generated Files</Filter>
    </ClCompile>
    <ClCompile Include="dlldata.c">
      <Filter>Generated Files</Filter>
    </ClCompile>
  </ItemGroup>
</Project>